{
  "pins" : [
    {
      "identity" : "alamofire",
      "kind" : "remoteSourceControl",
      "location" : "https://github.com/Alamofire/Alamofire",
      "state" : {
        "revision" : "b2fa556e4e48cbf06cf8c63def138c98f4b811fa",
        "version" : "5.8.0"
      }
    },
    {
      "identity" : "swift-algorithms",
      "kind" : "remoteSourceControl",
      "location" : "https://github.com/apple/swift-algorithms.git",
      "state" : {
        "revision" : "bcd4f369ac962bc3e5244c9df778739f8f5bdbf1",
        "version" : "1.1.0"
      }
    },
    {
      "identity" : "swift-numerics",
      "kind" : "remoteSourceControl",
      "location" : "https://github.com/apple/swift-numerics.git",
      "state" : {
        "revision" : "0a5bc04095a675662cf24757cc0640aa2204253b",
        "version" : "1.0.2"
      }
    },
    {
      "identity" : "swift-protocol-extension",
      "kind" : "remoteSourceControl",
      "location" : "https://github.com/hcmc-studio/swift-protocol-extension.git",
      "state" : {
        "branch" : "0.0.55",
        "revision" : "2c394f6a00b5134e834a0a248be33330f5a66163"
      }
    },
    {
      "identity" : "swift-type-extension",
      "kind" : "remoteSourceControl",
      "location" : "https://github.com/hcmc-studio/swift-type-extension",
      "state" : {
        "branch" : "0.0.55",
        "revision" : "0416716c64be17ff55fa465ec52e147c6ad3eb86"
      }
    }
  ],
  "version" : 2
}
